
Microsoft Visual Studio Solution File, Format Version 12.00
# Visual Studio 2017
Project("{FAE04EC0-301F-11D3-BF4B-00C04F79EFBC}") = "2D Game Midterm", "2D Game Midterm.csproj", "{FC7A5BEB-1456-3498-97CB-DD4601002D1C}"
EndProject
Project("{FAE04EC0-301F-11D3-BF4B-00C04F79EFBC}") = "2D Game Midterm.Editor", "2D Game Midterm.Editor.csproj", "{275A9EC2-C119-28E1-65DF-15A50F013168}"
EndProject
Global
	GlobalSection(SolutionConfigurationPlatforms) = preSolution
		Debug|Any CPU = Debug|Any CPU
		Release|Any CPU = Release|Any CPU
	EndGlobalSection
	GlobalSection(ProjectConfigurationPlatforms) = postSolution
		{FC7A5BEB-1456-3498-97CB-DD4601002D1C}.Debug|Any CPU.ActiveCfg = Debug|Any CPU
		{FC7A5BEB-1456-3498-97CB-DD4601002D1C}.Debug|Any CPU.Build.0 = Debug|Any CPU
		{FC7A5BEB-1456-3498-97CB-DD4601002D1C}.Release|Any CPU.ActiveCfg = Release|Any CPU
		{FC7A5BEB-1456-3498-97CB-DD4601002D1C}.Release|Any CPU.Build.0 = Release|Any CPU
		{275A9EC2-C119-28E1-65DF-15A50F013168}.Debug|Any CPU.ActiveCfg = Debug|Any CPU
		{275A9EC2-C119-28E1-65DF-15A50F013168}.Debug|Any CPU.Build.0 = Debug|Any CPU
		{275A9EC2-C119-28E1-65DF-15A50F013168}.Release|Any CPU.ActiveCfg = Release|Any CPU
		{275A9EC2-C119-28E1-65DF-15A50F013168}.Release|Any CPU.Build.0 = Release|Any CPU
	EndGlobalSection
	GlobalSection(SolutionProperties) = preSolution
		HideSolutionNode = FALSE
	EndGlobalSection
EndGlobal
